
Microsoft Visual Studio Solution File, Format Version 12.00
# Visual Studio Version 16
VisualStudioVersion = 16.0.30907.101
MinimumVisualStudioVersion = 10.0.40219.1
Project("{9A19103F-16F7-4668-BE54-9A1E7A4F7556}") = "Kamptintro", "Kamptintro\Kamptintro.csproj", "{DF62E0A7-B91F-4DFC-9A65-87F700DDDFE9}"
EndProject
Project("{9A19103F-16F7-4668-BE54-9A1E7A4F7556}") = "Donguler", "Donguler\Donguler.csproj", "{25852FFF-C6AC-47C6-AEA0-F6454B273CAB}"
EndProject
Project("{9A19103F-16F7-4668-BE54-9A1E7A4F7556}") = "Classintro", "Classİntro\Classintro.csproj", "{96ED6EC0-9066-4525-ABAC-82A50E21292C}"
EndProject
Project("{9A19103F-16F7-4668-BE54-9A1E7A4F7556}") = "OdevForForeachWhile", "Yeni\OdevForForeachWhile.csproj", "{8B65D874-7591-4BE9-90DF-A5EB55458C01}"
EndProject
Project("{9A19103F-16F7-4668-BE54-9A1E7A4F7556}") = "Metotlar", "Metotlar\Metotlar.csproj", "{45AAF5BE-2B8A-41F0-A30D-0588173CD567}"
EndProject
Project("{9A19103F-16F7-4668-BE54-9A1E7A4F7556}") = "Matematik", "Matematik\Matematik.csproj", "{F245A14A-E0D7-4453-B485-07F874CCD5B0}"
EndProject
Project("{9A19103F-16F7-4668-BE54-9A1E7A4F7556}") = "DegerVeReferansTipler", "DegerVeReferansTipler\DegerVeReferansTipler.csproj", "{C3F1DE0F-4B99-4333-BC7C-A75E326E739C}"
EndProject
Project("{9A19103F-16F7-4668-BE54-9A1E7A4F7556}") = "YeniMetotlar", "YeniMetotlar\YeniMetotlar.csproj", "{A55950E8-0FA3-41E8-B4DF-31E69ECFED7A}"
EndProject
Project("{9A19103F-16F7-4668-BE54-9A1E7A4F7556}") = "ClassMetotDemo1", "ClassMetotDemo1\ClassMetotDemo1.csproj", "{F4A68FE4-C952-4F0B-B5B9-4E52573663A0}"
EndProject
Project("{9A19103F-16F7-4668-BE54-9A1E7A4F7556}") = "ReferanceTypes", "ReferanceTypes\ReferanceTypes.csproj", "{91D9EE21-9BFD-4038-9499-F621859073EC}"
EndProject
Project("{9A19103F-16F7-4668-BE54-9A1E7A4F7556}") = "Constructors", "Constructors\Constructors.csproj", "{BDD7679F-3F66-4E63-A7CA-94ED4B6A0003}"
EndProject
Project("{9A19103F-16F7-4668-BE54-9A1E7A4F7556}") = "Oop2", "Oop2\Oop2.csproj", "{1E7A2067-B04B-4C8E-A497-E04AD802BE86}"
EndProject
Project("{9A19103F-16F7-4668-BE54-9A1E7A4F7556}") = "Oop3", "Oop3\Oop3.csproj", "{18BF0BFF-F9E0-4B4D-B17B-0C0585874AD7}"
EndProject
Project("{9A19103F-16F7-4668-BE54-9A1E7A4F7556}") = "Generics", "Generics\Generics.csproj", "{8F29148B-F14A-4234-A3AC-7453FEAC98E4}"
EndProject
Project("{9A19103F-16F7-4668-BE54-9A1E7A4F7556}") = "GenericsIntro", "GenericsIntro\GenericsIntro.csproj", "{18D59804-D0C4-469D-B00E-E0F9DFB52EF7}"
EndProject
Project("{9A19103F-16F7-4668-BE54-9A1E7A4F7556}") = "Koleksiyonlar", "Koleksiyonlar\Koleksiyonlar.csproj", "{C6B1BE29-5AE2-46A2-A34E-76096D097BAC}"
EndProject
Project("{9A19103F-16F7-4668-BE54-9A1E7A4F7556}") = "OOP1", "OOP1\OOP1.csproj", "{7D368839-84B0-4E29-9C90-27B5D8F3EE1D}"
EndProject
Project("{9A19103F-16F7-4668-BE54-9A1E7A4F7556}") = "ClassMetotDemo", "ClassMetotDemo\ClassMetotDemo.csproj", "{CF95B776-108F-4A99-8857-472DA041D660}"
EndProject
Project("{9A19103F-16F7-4668-BE54-9A1E7A4F7556}") = "Methods", "Methods\Methods.csproj", "{6CCC3FC1-B3D2-49CF-8562-1C36B4B32AB9}"
EndProject
Project("{9A19103F-16F7-4668-BE54-9A1E7A4F7556}") = "Odev", "Odev.Urun\Odev.csproj", "{B102C762-E236-490F-B4D2-014645783EBD}"
EndProject
Project("{9A19103F-16F7-4668-BE54-9A1E7A4F7556}") = "YeniDosya", "YeniDosya\YeniDosya.csproj", "{4C718583-94A0-4796-92FE-022B4DE35165}"
EndProject
Project("{9A19103F-16F7-4668-BE54-9A1E7A4F7556}") = "YeniMusteri", "YeniMusteri\YeniMusteri.csproj", "{A79AD1C0-3FDE-47D0-97DC-D578206DC478}"
EndProject
Project("{9A19103F-16F7-4668-BE54-9A1E7A4F7556}") = "MyDictionaryy", "MyDictionaryy\MyDictionaryy.csproj", "{59976393-0696-4DB1-AB5E-6E9355FB280C}"
EndProject
Project("{9A19103F-16F7-4668-BE54-9A1E7A4F7556}") = "InterfaceAbstracDemoKahveOrnegi", "InterfaceAbstracDemoKahveOrnegi\InterfaceAbstracDemoKahveOrnegi.csproj", "{346566EC-6043-4F9C-BCBF-3FAE93A5B88D}"
EndProject
Project("{9A19103F-16F7-4668-BE54-9A1E7A4F7556}") = "LinqProject", "LinqProject\LinqProject.csproj", "{736A64C1-715D-4E26-8430-39C281473065}"
EndProject
Project("{9A19103F-16F7-4668-BE54-9A1E7A4F7556}") = "EntityFramaworkDemo", "EntityFramaworkDemo\EntityFramaworkDemo.csproj", "{770759CF-694A-497F-952E-B3BF72E3E9FD}"
EndProject
Project("{9A19103F-16F7-4668-BE54-9A1E7A4F7556}") = "Delegates", "Delegates\Delegates.csproj", "{791FA26F-8FFF-4AE0-A6FF-90958E62F3C7}"
EndProject
Project("{9A19103F-16F7-4668-BE54-9A1E7A4F7556}") = "Attirbute", "Attirbute\Attirbute.csproj", "{D7E31717-4337-4C11-A8FE-15913BFF53D3}"
EndProject
Project("{9A19103F-16F7-4668-BE54-9A1E7A4F7556}") = "Reflection", "Reflection\Reflection.csproj", "{E210DF7D-EACC-4426-A3CC-FE45DCE543C5}"
EndProject
Project("{FAE04EC0-301F-11D3-BF4B-00C04F79EFBC}") = "Events", "Events\Events.csproj", "{45EFD327-8024-44FC-8A67-C7BA3B77072B}"
EndProject
Global
	GlobalSection(SolutionConfigurationPlatforms) = preSolution
		Debug|Any CPU = Debug|Any CPU
		Release|Any CPU = Release|Any CPU
	EndGlobalSection
	GlobalSection(ProjectConfigurationPlatforms) = postSolution
		{DF62E0A7-B91F-4DFC-9A65-87F700DDDFE9}.Debug|Any CPU.ActiveCfg = Debug|Any CPU
		{DF62E0A7-B91F-4DFC-9A65-87F700DDDFE9}.Debug|Any CPU.Build.0 = Debug|Any CPU
		{DF62E0A7-B91F-4DFC-9A65-87F700DDDFE9}.Release|Any CPU.ActiveCfg = Release|Any CPU
		{DF62E0A7-B91F-4DFC-9A65-87F700DDDFE9}.Release|Any CPU.Build.0 = Release|Any CPU
		{25852FFF-C6AC-47C6-AEA0-F6454B273CAB}.Debug|Any CPU.ActiveCfg = Debug|Any CPU
		{25852FFF-C6AC-47C6-AEA0-F6454B273CAB}.Debug|Any CPU.Build.0 = Debug|Any CPU
		{25852FFF-C6AC-47C6-AEA0-F6454B273CAB}.Release|Any CPU.ActiveCfg = Release|Any CPU
		{25852FFF-C6AC-47C6-AEA0-F6454B273CAB}.Release|Any CPU.Build.0 = Release|Any CPU
		{96ED6EC0-9066-4525-ABAC-82A50E21292C}.Debug|Any CPU.ActiveCfg = Debug|Any CPU
		{96ED6EC0-9066-4525-ABAC-82A50E21292C}.Debug|Any CPU.Build.0 = Debug|Any CPU
		{96ED6EC0-9066-4525-ABAC-82A50E21292C}.Release|Any CPU.ActiveCfg = Release|Any CPU
		{96ED6EC0-9066-4525-ABAC-82A50E21292C}.Release|Any CPU.Build.0 = Release|Any CPU
		{8B65D874-7591-4BE9-90DF-A5EB55458C01}.Debug|Any CPU.ActiveCfg = Debug|Any CPU
		{8B65D874-7591-4BE9-90DF-A5EB55458C01}.Debug|Any CPU.Build.0 = Debug|Any CPU
		{8B65D874-7591-4BE9-90DF-A5EB55458C01}.Release|Any CPU.ActiveCfg = Release|Any CPU
		{8B65D874-7591-4BE9-90DF-A5EB55458C01}.Release|Any CPU.Build.0 = Release|Any CPU
		{45AAF5BE-2B8A-41F0-A30D-0588173CD567}.Debug|Any CPU.ActiveCfg = Debug|Any CPU
		{45AAF5BE-2B8A-41F0-A30D-0588173CD567}.Debug|Any CPU.Build.0 = Debug|Any CPU
		{45AAF5BE-2B8A-41F0-A30D-0588173CD567}.Release|Any CPU.ActiveCfg = Release|Any CPU
		{45AAF5BE-2B8A-41F0-A30D-0588173CD567}.Release|Any CPU.Build.0 = Release|Any CPU
		{F245A14A-E0D7-4453-B485-07F874CCD5B0}.Debug|Any CPU.ActiveCfg = Debug|Any CPU
		{F245A14A-E0D7-4453-B485-07F874CCD5B0}.Debug|Any CPU.Build.0 = Debug|Any CPU
		{F245A14A-E0D7-4453-B485-07F874CCD5B0}.Release|Any CPU.ActiveCfg = Release|Any CPU
		{F245A14A-E0D7-4453-B485-07F874CCD5B0}.Release|Any CPU.Build.0 = Release|Any CPU
		{C3F1DE0F-4B99-4333-BC7C-A75E326E739C}.Debug|Any CPU.ActiveCfg = Debug|Any CPU
		{C3F1DE0F-4B99-4333-BC7C-A75E326E739C}.Debug|Any CPU.Build.0 = Debug|Any CPU
		{C3F1DE0F-4B99-4333-BC7C-A75E326E739C}.Release|Any CPU.ActiveCfg = Release|Any CPU
		{C3F1DE0F-4B99-4333-BC7C-A75E326E739C}.Release|Any CPU.Build.0 = Release|Any CPU
		{A55950E8-0FA3-41E8-B4DF-31E69ECFED7A}.Debug|Any CPU.ActiveCfg = Debug|Any CPU
		{A55950E8-0FA3-41E8-B4DF-31E69ECFED7A}.Debug|Any CPU.Build.0 = Debug|Any CPU
		{A55950E8-0FA3-41E8-B4DF-31E69ECFED7A}.Release|Any CPU.ActiveCfg = Release|Any CPU
		{A55950E8-0FA3-41E8-B4DF-31E69ECFED7A}.Release|Any CPU.Build.0 = Release|Any CPU
		{F4A68FE4-C952-4F0B-B5B9-4E52573663A0}.Debug|Any CPU.ActiveCfg = Debug|Any CPU
		{F4A68FE4-C952-4F0B-B5B9-4E52573663A0}.Debug|Any CPU.Build.0 = Debug|Any CPU
		{F4A68FE4-C952-4F0B-B5B9-4E52573663A0}.Release|Any CPU.ActiveCfg = Release|Any CPU
		{F4A68FE4-C952-4F0B-B5B9-4E52573663A0}.Release|Any CPU.Build.0 = Release|Any CPU
		{91D9EE21-9BFD-4038-9499-F621859073EC}.Debug|Any CPU.ActiveCfg = Debug|Any CPU
		{91D9EE21-9BFD-4038-9499-F621859073EC}.Debug|Any CPU.Build.0 = Debug|Any CPU
		{91D9EE21-9BFD-4038-9499-F621859073EC}.Release|Any CPU.ActiveCfg = Release|Any CPU
		{91D9EE21-9BFD-4038-9499-F621859073EC}.Release|Any CPU.Build.0 = Release|Any CPU
		{BDD7679F-3F66-4E63-A7CA-94ED4B6A0003}.Debug|Any CPU.ActiveCfg = Debug|Any CPU
		{BDD7679F-3F66-4E63-A7CA-94ED4B6A0003}.Debug|Any CPU.Build.0 = Debug|Any CPU
		{BDD7679F-3F66-4E63-A7CA-94ED4B6A0003}.Release|Any CPU.ActiveCfg = Release|Any CPU
		{BDD7679F-3F66-4E63-A7CA-94ED4B6A0003}.Release|Any CPU.Build.0 = Release|Any CPU
		{1E7A2067-B04B-4C8E-A497-E04AD802BE86}.Debug|Any CPU.ActiveCfg = Debug|Any CPU
		{1E7A2067-B04B-4C8E-A497-E04AD802BE86}.Debug|Any CPU.Build.0 = Debug|Any CPU
		{1E7A2067-B04B-4C8E-A497-E04AD802BE86}.Release|Any CPU.ActiveCfg = Release|Any CPU
		{1E7A2067-B04B-4C8E-A497-E04AD802BE86}.Release|Any CPU.Build.0 = Release|Any CPU
		{18BF0BFF-F9E0-4B4D-B17B-0C0585874AD7}.Debug|Any CPU.ActiveCfg = Debug|Any CPU
		{18BF0BFF-F9E0-4B4D-B17B-0C0585874AD7}.Debug|Any CPU.Build.0 = Debug|Any CPU
		{18BF0BFF-F9E0-4B4D-B17B-0C0585874AD7}.Release|Any CPU.ActiveCfg = Release|Any CPU
		{18BF0BFF-F9E0-4B4D-B17B-0C0585874AD7}.Release|Any CPU.Build.0 = Release|Any CPU
		{8F29148B-F14A-4234-A3AC-7453FEAC98E4}.Debug|Any CPU.ActiveCfg = Debug|Any CPU
		{8F29148B-F14A-4234-A3AC-7453FEAC98E4}.Debug|Any CPU.Build.0 = Debug|Any CPU
		{8F29148B-F14A-4234-A3AC-7453FEAC98E4}.Release|Any CPU.ActiveCfg = Release|Any CPU
		{8F29148B-F14A-4234-A3AC-7453FEAC98E4}.Release|Any CPU.Build.0 = Release|Any CPU
		{18D59804-D0C4-469D-B00E-E0F9DFB52EF7}.Debug|Any CPU.ActiveCfg = Debug|Any CPU
		{18D59804-D0C4-469D-B00E-E0F9DFB52EF7}.Debug|Any CPU.Build.0 = Debug|Any CPU
		{18D59804-D0C4-469D-B00E-E0F9DFB52EF7}.Release|Any CPU.ActiveCfg = Release|Any CPU
		{18D59804-D0C4-469D-B00E-E0F9DFB52EF7}.Release|Any CPU.Build.0 = Release|Any CPU
		{C6B1BE29-5AE2-46A2-A34E-76096D097BAC}.Debug|Any CPU.ActiveCfg = Debug|Any CPU
		{C6B1BE29-5AE2-46A2-A34E-76096D097BAC}.Debug|Any CPU.Build.0 = Debug|Any CPU
		{C6B1BE29-5AE2-46A2-A34E-76096D097BAC}.Release|Any CPU.ActiveCfg = Release|Any CPU
		{C6B1BE29-5AE2-46A2-A34E-76096D097BAC}.Release|Any CPU.Build.0 = Release|Any CPU
		{7D368839-84B0-4E29-9C90-27B5D8F3EE1D}.Debug|Any CPU.ActiveCfg = Debug|Any CPU
		{7D368839-84B0-4E29-9C90-27B5D8F3EE1D}.Debug|Any CPU.Build.0 = Debug|Any CPU
		{7D368839-84B0-4E29-9C90-27B5D8F3EE1D}.Release|Any CPU.ActiveCfg = Release|Any CPU
		{7D368839-84B0-4E29-9C90-27B5D8F3EE1D}.Release|Any CPU.Build.0 = Release|Any CPU
		{CF95B776-108F-4A99-8857-472DA041D660}.Debug|Any CPU.ActiveCfg = Debug|Any CPU
		{CF95B776-108F-4A99-8857-472DA041D660}.Debug|Any CPU.Build.0 = Debug|Any CPU
		{CF95B776-108F-4A99-8857-472DA041D660}.Release|Any CPU.ActiveCfg = Release|Any CPU
		{CF95B776-108F-4A99-8857-472DA041D660}.Release|Any CPU.Build.0 = Release|Any CPU
		{6CCC3FC1-B3D2-49CF-8562-1C36B4B32AB9}.Debug|Any CPU.ActiveCfg = Debug|Any CPU
		{6CCC3FC1-B3D2-49CF-8562-1C36B4B32AB9}.Debug|Any CPU.Build.0 = Debug|Any CPU
		{6CCC3FC1-B3D2-49CF-8562-1C36B4B32AB9}.Release|Any CPU.ActiveCfg = Release|Any CPU
		{6CCC3FC1-B3D2-49CF-8562-1C36B4B32AB9}.Release|Any CPU.Build.0 = Release|Any CPU
		{B102C762-E236-490F-B4D2-014645783EBD}.Debug|Any CPU.ActiveCfg = Debug|Any CPU
		{B102C762-E236-490F-B4D2-014645783EBD}.Debug|Any CPU.Build.0 = Debug|Any CPU
		{B102C762-E236-490F-B4D2-014645783EBD}.Release|Any CPU.ActiveCfg = Release|Any CPU
		{B102C762-E236-490F-B4D2-014645783EBD}.Release|Any CPU.Build.0 = Release|Any CPU
		{4C718583-94A0-4796-92FE-022B4DE35165}.Debug|Any CPU.ActiveCfg = Debug|Any CPU
		{4C718583-94A0-4796-92FE-022B4DE35165}.Debug|Any CPU.Build.0 = Debug|Any CPU
		{4C718583-94A0-4796-92FE-022B4DE35165}.Release|Any CPU.ActiveCfg = Release|Any CPU
		{4C718583-94A0-4796-92FE-022B4DE35165}.Release|Any CPU.Build.0 = Release|Any CPU
		{A79AD1C0-3FDE-47D0-97DC-D578206DC478}.Debug|Any CPU.ActiveCfg = Debug|Any CPU
		{A79AD1C0-3FDE-47D0-97DC-D578206DC478}.Debug|Any CPU.Build.0 = Debug|Any CPU
		{A79AD1C0-3FDE-47D0-97DC-D578206DC478}.Release|Any CPU.ActiveCfg = Release|Any CPU
		{A79AD1C0-3FDE-47D0-97DC-D578206DC478}.Release|Any CPU.Build.0 = Release|Any CPU
		{59976393-0696-4DB1-AB5E-6E9355FB280C}.Debug|Any CPU.ActiveCfg = Debug|Any CPU
		{59976393-0696-4DB1-AB5E-6E9355FB280C}.Debug|Any CPU.Build.0 = Debug|Any CPU
		{59976393-0696-4DB1-AB5E-6E9355FB280C}.Release|Any CPU.ActiveCfg = Release|Any CPU
		{59976393-0696-4DB1-AB5E-6E9355FB280C}.Release|Any CPU.Build.0 = Release|Any CPU
		{346566EC-6043-4F9C-BCBF-3FAE93A5B88D}.Debug|Any CPU.ActiveCfg = Debug|Any CPU
		{346566EC-6043-4F9C-BCBF-3FAE93A5B88D}.Debug|Any CPU.Build.0 = Debug|Any CPU
		{346566EC-6043-4F9C-BCBF-3FAE93A5B88D}.Release|Any CPU.ActiveCfg = Release|Any CPU
		{346566EC-6043-4F9C-BCBF-3FAE93A5B88D}.Release|Any CPU.Build.0 = Release|Any CPU
		{736A64C1-715D-4E26-8430-39C281473065}.Debug|Any CPU.ActiveCfg = Debug|Any CPU
		{736A64C1-715D-4E26-8430-39C281473065}.Debug|Any CPU.Build.0 = Debug|Any CPU
		{736A64C1-715D-4E26-8430-39C281473065}.Release|Any CPU.ActiveCfg = Release|Any CPU
		{736A64C1-715D-4E26-8430-39C281473065}.Release|Any CPU.Build.0 = Release|Any CPU
		{770759CF-694A-497F-952E-B3BF72E3E9FD}.Debug|Any CPU.ActiveCfg = Debug|Any CPU
		{770759CF-694A-497F-952E-B3BF72E3E9FD}.Debug|Any CPU.Build.0 = Debug|Any CPU
		{770759CF-694A-497F-952E-B3BF72E3E9FD}.Release|Any CPU.ActiveCfg = Release|Any CPU
		{770759CF-694A-497F-952E-B3BF72E3E9FD}.Release|Any CPU.Build.0 = Release|Any CPU
		{791FA26F-8FFF-4AE0-A6FF-90958E62F3C7}.Debug|Any CPU.ActiveCfg = Debug|Any CPU
		{791FA26F-8FFF-4AE0-A6FF-90958E62F3C7}.Debug|Any CPU.Build.0 = Debug|Any CPU
		{791FA26F-8FFF-4AE0-A6FF-90958E62F3C7}.Release|Any CPU.ActiveCfg = Release|Any CPU
		{791FA26F-8FFF-4AE0-A6FF-90958E62F3C7}.Release|Any CPU.Build.0 = Release|Any CPU
		{D7E31717-4337-4C11-A8FE-15913BFF53D3}.Debug|Any CPU.ActiveCfg = Debug|Any CPU
		{D7E31717-4337-4C11-A8FE-15913BFF53D3}.Debug|Any CPU.Build.0 = Debug|Any CPU
		{D7E31717-4337-4C11-A8FE-15913BFF53D3}.Release|Any CPU.ActiveCfg = Release|Any CPU
		{D7E31717-4337-4C11-A8FE-15913BFF53D3}.Release|Any CPU.Build.0 = Release|Any CPU
		{E210DF7D-EACC-4426-A3CC-FE45DCE543C5}.Debug|Any CPU.ActiveCfg = Debug|Any CPU
		{E210DF7D-EACC-4426-A3CC-FE45DCE543C5}.Debug|Any CPU.Build.0 = Debug|Any CPU
		{E210DF7D-EACC-4426-A3CC-FE45DCE543C5}.Release|Any CPU.ActiveCfg = Release|Any CPU
		{E210DF7D-EACC-4426-A3CC-FE45DCE543C5}.Release|Any CPU.Build.0 = Release|Any CPU
		{45EFD327-8024-44FC-8A67-C7BA3B77072B}.Debug|Any CPU.ActiveCfg = Debug|Any CPU
		{45EFD327-8024-44FC-8A67-C7BA3B77072B}.Debug|Any CPU.Build.0 = Debug|Any CPU
		{45EFD327-8024-44FC-8A67-C7BA3B77072B}.Release|Any CPU.ActiveCfg = Release|Any CPU
		{45EFD327-8024-44FC-8A67-C7BA3B77072B}.Release|Any CPU.Build.0 = Release|Any CPU
	EndGlobalSection
	GlobalSection(SolutionProperties) = preSolution
		HideSolutionNode = FALSE
	EndGlobalSection
	GlobalSection(ExtensibilityGlobals) = postSolution
		SolutionGuid = {85115F1A-57B7-4A96-BDB9-C0B70CB70167}
	EndGlobalSection
EndGlobal
